// !$*UTF8*$!
{
	archiveVersion = 1;
	classes = {
	};
	objectVersion = 77;
	objects = {

/* Begin PBXBuildFile section */
		4903D3042E8B200A00BF071E /* FlightRepository.swift in Sources */ = {isa = PBXBuildFile; fileRef = 4903D3032E8B200A00BF071E /* FlightRepository.swift */; };
		4920BDF42E8359EF007BB3F1 /* Preview Assets.xcassets in Resources */ = {isa = PBXBuildFile; fileRef = 4920BDE62E8359EF007BB3F1 /* Preview Assets.xcassets */; };
		4920BDF52E8359EF007BB3F1 /* Assets.xcassets in Resources */ = {isa = PBXBuildFile; fileRef = 4920BDE82E8359EF007BB3F1 /* Assets.xcassets */; };
		4920BDF72E8359EF007BB3F1 /* CameraView.swift in Sources */ = {isa = PBXBuildFile; fileRef = 4920BDE92E8359EF007BB3F1 /* CameraView.swift */; };
		4920BDF82E8359EF007BB3F1 /* FlightDealsAggregatorApp.swift in Sources */ = {isa = PBXBuildFile; fileRef = 4920BDEA2E8359EF007BB3F1 /* FlightDealsAggregatorApp.swift */; };
		4920BDF92E8359EF007BB3F1 /* FlightDetailView.swift in Sources */ = {isa = PBXBuildFile; fileRef = 4920BDEB2E8359EF007BB3F1 /* FlightDetailView.swift */; };
		4920BDFA2E8359EF007BB3F1 /* FlightRow.swift in Sources */ = {isa = PBXBuildFile; fileRef = 4920BDEC2E8359EF007BB3F1 /* FlightRow.swift */; };
		4920BDFB2E8359EF007BB3F1 /* FlightService.swift in Sources */ = {isa = PBXBuildFile; fileRef = 4920BDED2E8359EF007BB3F1 /* FlightService.swift */; };
		4920BDFC2E8359EF007BB3F1 /* FlightsView.swift in Sources */ = {isa = PBXBuildFile; fileRef = 4920BDEE2E8359EF007BB3F1 /* FlightsView.swift */; };
		4920BDFD2E8359EF007BB3F1 /* Model.swift in Sources */ = {isa = PBXBuildFile; fileRef = 4920BDF02E8359EF007BB3F1 /* Model.swift */; };
		4920BDFE2E8359EF007BB3F1 /* ViewModel.swift in Sources */ = {isa = PBXBuildFile; fileRef = 4920BDF12E8359EF007BB3F1 /* ViewModel.swift */; };
		4920BE002E835A31007BB3F1 /* Simulator Screenshot - iPhone 16 Pro - 2025-09-24 at 01.39.44.png in Resources */ = {isa = PBXBuildFile; fileRef = 4920BDFF2E835A31007BB3F1 /* Simulator Screenshot - iPhone 16 Pro - 2025-09-24 at 01.39.44.png */; };
		4920BE022E835A39007BB3F1 /* Simulator Screenshot - iPhone 16 Pro - 2025-09-24 at 01.40.02.png in Resources */ = {isa = PBXBuildFile; fileRef = 4920BE012E835A39007BB3F1 /* Simulator Screenshot - iPhone 16 Pro - 2025-09-24 at 01.40.02.png */; };
/* End PBXBuildFile section */

/* Begin PBXFileReference section */
		4903D3032E8B200A00BF071E /* FlightRepository.swift */ = {isa = PBXFileReference; lastKnownFileType = sourcecode.swift; path = FlightRepository.swift; sourceTree = "<group>"; };
		4920BDE62E8359EF007BB3F1 /* Preview Assets.xcassets */ = {isa = PBXFileReference; lastKnownFileType = folder.assetcatalog; path = "Preview Assets.xcassets"; sourceTree = "<group>"; };
		4920BDE82E8359EF007BB3F1 /* Assets.xcassets */ = {isa = PBXFileReference; lastKnownFileType = folder.assetcatalog; path = Assets.xcassets; sourceTree = "<group>"; };
		4920BDE92E8359EF007BB3F1 /* CameraView.swift */ = {isa = PBXFileReference; lastKnownFileType = sourcecode.swift; path = CameraView.swift; sourceTree = "<group>"; };
		4920BDEA2E8359EF007BB3F1 /* FlightDealsAggregatorApp.swift */ = {isa = PBXFileReference; lastKnownFileType = sourcecode.swift; path = FlightDealsAggregatorApp.swift; sourceTree = "<group>"; };
		4920BDEB2E8359EF007BB3F1 /* FlightDetailView.swift */ = {isa = PBXFileReference; lastKnownFileType = sourcecode.swift; path = FlightDetailView.swift; sourceTree = "<group>"; };
		4920BDEC2E8359EF007BB3F1 /* FlightRow.swift */ = {isa = PBXFileReference; lastKnownFileType = sourcecode.swift; path = FlightRow.swift; sourceTree = "<group>"; };
		4920BDED2E8359EF007BB3F1 /* FlightService.swift */ = {isa = PBXFileReference; lastKnownFileType = sourcecode.swift; path = FlightService.swift; sourceTree = "<group>"; };
		4920BDEE2E8359EF007BB3F1 /* FlightsView.swift */ = {isa = PBXFileReference; lastKnownFileType = sourcecode.swift; path = FlightsView.swift; sourceTree = "<group>"; };
		4920BDEF2E8359EF007BB3F1 /* Info.plist */ = {isa = PBXFileReference; lastKnownFileType = text.plist.xml; path = Info.plist; sourceTree = "<group>"; };
		4920BDF02E8359EF007BB3F1 /* Model.swift */ = {isa = PBXFileReference; lastKnownFileType = sourcecode.swift; path = Model.swift; sourceTree = "<group>"; };
		4920BDF12E8359EF007BB3F1 /* ViewModel.swift */ = {isa = PBXFileReference; lastKnownFileType = sourcecode.swift; path = ViewModel.swift; sourceTree = "<group>"; };
		4920BDFF2E835A31007BB3F1 /* Simulator Screenshot - iPhone 16 Pro - 2025-09-24 at 01.39.44.png */ = {isa = PBXFileReference; lastKnownFileType = image.png; path = "Simulator Screenshot - iPhone 16 Pro - 2025-09-24 at 01.39.44.png"; sourceTree = "<group>"; };
		4920BE012E835A39007BB3F1 /* Simulator Screenshot - iPhone 16 Pro - 2025-09-24 at 01.40.02.png */ = {isa = PBXFileReference; lastKnownFileType = image.png; path = "Simulator Screenshot - iPhone 16 Pro - 2025-09-24 at 01.40.02.png"; sourceTree = "<group>"; };
		497DDF072E8298F900FF1FFF /* FlightDealsAggregator.app */ = {isa = PBXFileReference; explicitFileType = wrapper.application; includeInIndex = 0; path = FlightDealsAggregator.app; sourceTree = BUILT_PRODUCTS_DIR; };
/* End PBXFileReference section */

/* Begin PBXFrameworksBuildPhase section */
		497DDF042E8298F900FF1FFF /* Frameworks */ = {
			isa = PBXFrameworksBuildPhase;
			buildActionMask = 2147483647;
			files = (
			);
			runOnlyForDeploymentPostprocessing = 0;
		};
/* End PBXFrameworksBuildPhase section */

/* Begin PBXGroup section */
		4920BDE72E8359EF007BB3F1 /* Preview Content */ = {
			isa = PBXGroup;
			children = (
				4920BDE62E8359EF007BB3F1 /* Preview Assets.xcassets */,
			);
			path = "Preview Content";
			sourceTree = "<group>";
		};
		4920BDF22E8359EF007BB3F1 /* FlightDealsAggregator */ = {
			isa = PBXGroup;
			children = (
				4920BDF32E8359EF007BB3F1 /* Screenshots */,
				4920BDE72E8359EF007BB3F1 /* Preview Content */,
				4920BDE82E8359EF007BB3F1 /* Assets.xcassets */,
				4920BDE92E8359EF007BB3F1 /* CameraView.swift */,
				4920BDEA2E8359EF007BB3F1 /* FlightDealsAggregatorApp.swift */,
				4920BDEB2E8359EF007BB3F1 /* FlightDetailView.swift */,
				4920BDEC2E8359EF007BB3F1 /* FlightRow.swift */,
				4920BDED2E8359EF007BB3F1 /* FlightService.swift */,
				4903D3032E8B200A00BF071E /* FlightRepository.swift */,
				4920BDEE2E8359EF007BB3F1 /* FlightsView.swift */,
				4920BDEF2E8359EF007BB3F1 /* Info.plist */,
				4920BDF02E8359EF007BB3F1 /* Model.swift */,
				4920BDF12E8359EF007BB3F1 /* ViewModel.swift */,
			);
			path = FlightDealsAggregator;
			sourceTree = "<group>";
		};
		4920BDF32E8359EF007BB3F1 /* Screenshots */ = {
			isa = PBXGroup;
			children = (
				4920BDFF2E835A31007BB3F1 /* Simulator Screenshot - iPhone 16 Pro - 2025-09-24 at 01.39.44.png */,
				4920BE012E835A39007BB3F1 /* Simulator Screenshot - iPhone 16 Pro - 2025-09-24 at 01.40.02.png */,
			);
			path = Screenshots;
			sourceTree = "<group>";
		};
		497DDEFE2E8298F900FF1FFF = {
			isa = PBXGroup;
			children = (
				4920BDF22E8359EF007BB3F1 /* FlightDealsAggregator */,
				497DDF082E8298F900FF1FFF /* Products */,
			);
			sourceTree = "<group>";
		};
		497DDF082E8298F900FF1FFF /* Products */ = {
			isa = PBXGroup;
			children = (
				497DDF072E8298F900FF1FFF /* FlightDealsAggregator.app */,
			);
			name = Products;
			sourceTree = "<group>";
		};
/* End PBXGroup section */

/* Begin PBXNativeTarget section */
		497DDF062E8298F900FF1FFF /* FlightDealsAggregator */ = {
			isa = PBXNativeTarget;
			buildConfigurationList = 497DDF152E8298FC00FF1FFF /* Build configuration list for PBXNativeTarget "FlightDealsAggregator" */;
			buildPhases = (
				497DDF032E8298F900FF1FFF /* Sources */,
				497DDF042E8298F900FF1FFF /* Frameworks */,
				497DDF052E8298F900FF1FFF /* Resources */,
			);
			buildRules = (
			);
			dependencies = (
			);
			name = FlightDealsAggregator;
			packageProductDependencies = (
			);
			productName = FlightDealsAggregator;
			productReference = 497DDF072E8298F900FF1FFF /* FlightDealsAggregator.app */;
			productType = "com.apple.product-type.application";
		};
/* End PBXNativeTarget section */

/* Begin PBXProject section */
		497DDEFF2E8298F900FF1FFF /* Project object */ = {
			isa = PBXProject;
			attributes = {
				BuildIndependentTargetsInParallel = 1;
				LastSwiftUpdateCheck = 1600;
				LastUpgradeCheck = 1600;
				TargetAttributes = {
					497DDF062E8298F900FF1FFF = {
						CreatedOnToolsVersion = 16.0;
					};
				};
			};
			buildConfigurationList = 497DDF022E8298F900FF1FFF /* Build configuration list for PBXProject "FlightDealsAggregator" */;
			developmentRegion = en;
			hasScannedForEncodings = 0;
			knownRegions = (
				en,
				Base,
			);
			mainGroup = 497DDEFE2E8298F900FF1FFF;
			minimizedProjectReferenceProxies = 1;
			preferredProjectObjectVersion = 77;
			productRefGroup = 497DDF082E8298F900FF1FFF /* Products */;
			projectDirPath = "";
			projectRoot = "";
			targets = (
				497DDF062E8298F900FF1FFF /* FlightDealsAggregator */,
			);
		};
/* End PBXProject section */

/* Begin PBXResourcesBuildPhase section */
		497DDF052E8298F900FF1FFF /* Resources */ = {
			isa = PBXResourcesBuildPhase;
			buildActionMask = 2147483647;
			files = (
				4920BE002E835A31007BB3F1 /* Simulator Screenshot - iPhone 16 Pro - 2025-09-24 at 01.39.44.png in Resources */,
				4920BDF42E8359EF007BB3F1 /* Preview Assets.xcassets in Resources */,
				4920BDF52E8359EF007BB3F1 /* Assets.xcassets in Resources */,
				4920BE022E835A39007BB3F1 /* Simulator Screenshot - iPhone 16 Pro - 2025-09-24 at 01.40.02.png in Resources */,
			);
			runOnlyForDeploymentPostprocessing = 0;
		};
/* End PBXResourcesBuildPhase section */

/* Begin PBXSourcesBuildPhase section */
		497DDF032E8298F900FF1FFF /* Sources */ = {
			isa = PBXSourcesBuildPhase;
			buildActionMask = 2147483647;
			files = (
				4920BDF72E8359EF007BB3F1 /* CameraView.swift in Sources */,
				4920BDF82E8359EF007BB3F1 /* FlightDealsAggregatorApp.swift in Sources */,
				4920BDF92E8359EF007BB3F1 /* FlightDetailView.swift in Sources */,
				4920BDFA2E8359EF007BB3F1 /* FlightRow.swift in Sources */,
				4920BDFB2E8359EF007BB3F1 /* FlightService.swift in Sources */,
				4920BDFC2E8359EF007BB3F1 /* FlightsView.swift in Sources */,
				4920BDFD2E8359EF007BB3F1 /* Model.swift in Sources */,
				4903D3042E8B200A00BF071E /* FlightRepository.swift in Sources */,
				4920BDFE2E8359EF007BB3F1 /* ViewModel.swift in Sources */,
			);
			runOnlyForDeploymentPostprocessing = 0;
		};
/* End PBXSourcesBuildPhase section */

/* Begin XCBuildConfiguration section */
		497DDF132E8298FC00FF1FFF /* Debug */ = {
			isa = XCBuildConfiguration;
			buildSettings = {
				ALWAYS_SEARCH_USER_PATHS = NO;
				ASSETCATALOG_COMPILER_GENERATE_SWIFT_ASSET_SYMBOL_EXTENSIONS = YES;
				CLANG_ANALYZER_NONNULL = YES;
				CLANG_ANALYZER_NUMBER_OBJECT_CONVERSION = YES_AGGRESSIVE;
				CLANG_CXX_LANGUAGE_STANDARD = "gnu++20";
				CLANG_ENABLE_MODULES = YES;
				CLANG_ENABLE_OBJC_ARC = YES;
				CLANG_ENABLE_OBJC_WEAK = YES;
				CLANG_WARN_BLOCK_CAPTURE_AUTORELEASING = YES;
				CLANG_WARN_BOOL_CONVERSION = YES;
				CLANG_WARN_COMMA = YES;
				CLANG_WARN_CONSTANT_CONVERSION = YES;
				CLANG_WARN_DEPRECATED_OBJC_IMPLEMENTATIONS = YES;
				CLANG_WARN_DIRECT_OBJC_ISA_USAGE = YES_ERROR;
				CLANG_WARN_DOCUMENTATION_COMMENTS = YES;
				CLANG_WARN_EMPTY_BODY = YES;
				CLANG_WARN_ENUM_CONVERSION = YES;
				CLANG_WARN_INFINITE_RECURSION = YES;
				CLANG_WARN_INT_CONVERSION = YES;
				CLANG_WARN_NON_LITERAL_NULL_CONVERSION = YES;
				CLANG_WARN_OBJC_IMPLICIT_RETAIN_SELF = YES;
				CLANG_WARN_OBJC_LITERAL_CONVERSION = YES;
				CLANG_WARN_OBJC_ROOT_CLASS = YES_ERROR;
				CLANG_WARN_QUOTED_INCLUDE_IN_FRAMEWORK_HEADER = YES;
				CLANG_WARN_RANGE_LOOP_ANALYSIS = YES;
				CLANG_WARN_STRICT_PROTOTYPES = YES;
				CLANG_WARN_SUSPICIOUS_MOVE = YES;
				CLANG_WARN_UNGUARDED_AVAILABILITY = YES_AGGRESSIVE;
				CLANG_WARN_UNREACHABLE_CODE = YES;
				CLANG_WARN__DUPLICATE_METHOD_MATCH = YES;
				COPY_PHASE_STRIP = NO;
				DEBUG_INFORMATION_FORMAT = dwarf;
				ENABLE_STRICT_OBJC_MSGSEND = YES;
				ENABLE_TESTABILITY = YES;
				ENABLE_USER_SCRIPT_SANDBOXING = YES;
				GCC_C_LANGUAGE_STANDARD = gnu17;
				GCC_DYNAMIC_NO_PIC = NO;
				GCC_NO_COMMON_BLOCKS = YES;
				GCC_OPTIMIZATION_LEVEL = 0;
				GCC_PREPROCESSOR_DEFINITIONS = (
					"DEBUG=1",
					"$(inherited)",
				);
				GCC_WARN_64_TO_32_BIT_CONVERSION = YES;
				GCC_WARN_ABOUT_RETURN_TYPE = YES_ERROR;
				GCC_WARN_UNDECLARED_SELECTOR = YES;
				GCC_WARN_UNINITIALIZED_AUTOS = YES_AGGRESSIVE;
				GCC_WARN_UNUSED_FUNCTION = YES;
				GCC_WARN_UNUSED_VARIABLE = YES;
				IPHONEOS_DEPLOYMENT_TARGET = 18.0;
				LOCALIZATION_PREFERS_STRING_CATALOGS = YES;
				MTL_ENABLE_DEBUG_INFO = INCLUDE_SOURCE;
				MTL_FAST_MATH = YES;
				ONLY_ACTIVE_ARCH = YES;
				SDKROOT = iphoneos;
				SWIFT_ACTIVE_COMPILATION_CONDITIONS = "DEBUG $(inherited)";
				SWIFT_OPTIMIZATION_LEVEL = "-Onone";
			};
			name = Debug;
		};
		497DDF142E8298FC00FF1FFF /* Release */ = {
			isa = XCBuildConfiguration;
			buildSettings = {
				ALWAYS_SEARCH_USER_PATHS = NO;
				ASSETCATALOG_COMPILER_GENERATE_SWIFT_ASSET_SYMBOL_EXTENSIONS = YES;
				CLANG_ANALYZER_NONNULL = YES;
				CLANG_ANALYZER_NUMBER_OBJECT_CONVERSION = YES_AGGRESSIVE;
				CLANG_CXX_LANGUAGE_STANDARD = "gnu++20";
				CLANG_ENABLE_MODULES = YES;
				CLANG_ENABLE_OBJC_ARC = YES;
				CLANG_ENABLE_OBJC_WEAK = YES;
				CLANG_WARN_BLOCK_CAPTURE_AUTORELEASING = YES;
				CLANG_WARN_BOOL_CONVERSION = YES;
				CLANG_WARN_COMMA = YES;
				CLANG_WARN_CONSTANT_CONVERSION = YES;
				CLANG_WARN_DEPRECATED_OBJC_IMPLEMENTATIONS = YES;
				CLANG_WARN_DIRECT_OBJC_ISA_USAGE = YES_ERROR;
				CLANG_WARN_DOCUMENTATION_COMMENTS = YES;
				CLANG_WARN_EMPTY_BODY = YES;
				CLANG_WARN_ENUM_CONVERSION = YES;
				CLANG_WARN_INFINITE_RECURSION = YES;
				CLANG_WARN_INT_CONVERSION = YES;
				CLANG_WARN_NON_LITERAL_NULL_CONVERSION = YES;
				CLANG_WARN_OBJC_IMPLICIT_RETAIN_SELF = YES;
				CLANG_WARN_OBJC_LITERAL_CONVERSION = YES;
				CLANG_WARN_OBJC_ROOT_CLASS = YES_ERROR;
				CLANG_WARN_QUOTED_INCLUDE_IN_FRAMEWORK_HEADER = YES;
				CLANG_WARN_RANGE_LOOP_ANALYSIS = YES;
				CLANG_WARN_STRICT_PROTOTYPES = YES;
				CLANG_WARN_SUSPICIOUS_MOVE = YES;
				CLANG_WARN_UNGUARDED_AVAILABILITY = YES_AGGRESSIVE;
				CLANG_WARN_UNREACHABLE_CODE = YES;
				CLANG_WARN__DUPLICATE_METHOD_MATCH = YES;
				COPY_PHASE_STRIP = NO;
				DEBUG_INFORMATION_FORMAT = "dwarf-with-dsym";
				ENABLE_NS_ASSERTIONS = NO;
				ENABLE_STRICT_OBJC_MSGSEND = YES;
				ENABLE_USER_SCRIPT_SANDBOXING = YES;
				GCC_C_LANGUAGE_STANDARD = gnu17;
				GCC_NO_COMMON_BLOCKS = YES;
				GCC_WARN_64_TO_32_BIT_CONVERSION = YES;
				GCC_WARN_ABOUT_RETURN_TYPE = YES_ERROR;
				GCC_WARN_UNDECLARED_SELECTOR = YES;
				GCC_WARN_UNINITIALIZED_AUTOS = YES_AGGRESSIVE;
				GCC_WARN_UNUSED_FUNCTION = YES;
				GCC_WARN_UNUSED_VARIABLE = YES;
				IPHONEOS_DEPLOYMENT_TARGET = 18.0;
				LOCALIZATION_PREFERS_STRING_CATALOGS = YES;
				MTL_ENABLE_DEBUG_INFO = NO;
				MTL_FAST_MATH = YES;
				SDKROOT = iphoneos;
				SWIFT_COMPILATION_MODE = wholemodule;
				VALIDATE_PRODUCT = YES;
			};
			name = Release;
		};
		497DDF162E8298FC00FF1FFF /* Debug */ = {
			isa = XCBuildConfiguration;
			buildSettings = {
				ASSETCATALOG_COMPILER_APPICON_NAME = AppIcon;
				ASSETCATALOG_COMPILER_GLOBAL_ACCENT_COLOR_NAME = AccentColor;
				CODE_SIGN_STYLE = Automatic;
				CURRENT_PROJECT_VERSION = 1;
				DEVELOPMENT_ASSET_PATHS = "\"FlightDealsAggregator/Preview Content\"";
				DEVELOPMENT_TEAM = 496L6DA76V;
				ENABLE_PREVIEWS = YES;
				GENERATE_INFOPLIST_FILE = YES;
				INFOPLIST_FILE = FlightDealsAggregator/Info.plist;
				INFOPLIST_KEY_NSCameraUsageDescription = "We need to take photos to add to our app";
				INFOPLIST_KEY_NSPhotoLibraryAddUsageDescription = "The application saves the photos you take in the gallery";
				INFOPLIST_KEY_UIApplicationSceneManifest_Generation = YES;
				INFOPLIST_KEY_UIApplicationSupportsIndirectInputEvents = YES;
				INFOPLIST_KEY_UILaunchScreen_Generation = YES;
				INFOPLIST_KEY_UISupportedInterfaceOrientations = UIInterfaceOrientationPortrait;
				INFOPLIST_KEY_UISupportedInterfaceOrientations_iPad = "UIInterfaceOrientationLandscapeLeft UIInterfaceOrientationLandscapeRight UIInterfaceOrientationPortrait UIInterfaceOrientationPortraitUpsideDown";
				IPHONEOS_DEPLOYMENT_TARGET = 16.6;
				LD_RUNPATH_SEARCH_PATHS = (
					"$(inherited)",
					"@executable_path/Frameworks",
				);
				MARKETING_VERSION = 1.0;
				PRODUCT_BUNDLE_IDENTIFIER = AW.FlightDealsAggregator;
				PRODUCT_NAME = "$(TARGET_NAME)";
				SWIFT_EMIT_LOC_STRINGS = YES;
				SWIFT_VERSION = 5.0;
				TARGETED_DEVICE_FAMILY = "1,2";
			};
			name = Debug;
		};
		497DDF172E8298FC00FF1FFF /* Release */ = {
			isa = XCBuildConfiguration;
			buildSettings = {
				ASSETCATALOG_COMPILER_APPICON_NAME = AppIcon;
				ASSETCATALOG_COMPILER_GLOBAL_ACCENT_COLOR_NAME = AccentColor;
				CODE_SIGN_STYLE = Automatic;
				CURRENT_PROJECT_VERSION = 1;
				DEVELOPMENT_ASSET_PATHS = "\"FlightDealsAggregator/Preview Content\"";
				DEVELOPMENT_TEAM = 496L6DA76V;
				ENABLE_PREVIEWS = YES;
				GENERATE_INFOPLIST_FILE = YES;
				INFOPLIST_FILE = FlightDealsAggregator/Info.plist;
				INFOPLIST_KEY_NSCameraUsageDescription = "We need to take photos to add to our app";
				INFOPLIST_KEY_NSPhotoLibraryAddUsageDescription = "The application saves the photos you take in the gallery";
				INFOPLIST_KEY_UIApplicationSceneManifest_Generation = YES;
				INFOPLIST_KEY_UIApplicationSupportsIndirectInputEvents = YES;
				INFOPLIST_KEY_UILaunchScreen_Generation = YES;
				INFOPLIST_KEY_UISupportedInterfaceOrientations = UIInterfaceOrientationPortrait;
				INFOPLIST_KEY_UISupportedInterfaceOrientations_iPad = "UIInterfaceOrientationLandscapeLeft UIInterfaceOrientationLandscapeRight UIInterfaceOrientationPortrait UIInterfaceOrientationPortraitUpsideDown";
				IPHONEOS_DEPLOYMENT_TARGET = 16.6;
				LD_RUNPATH_SEARCH_PATHS = (
					"$(inherited)",
					"@executable_path/Frameworks",
				);
				MARKETING_VERSION = 1.0;
				PRODUCT_BUNDLE_IDENTIFIER = AW.FlightDealsAggregator;
				PRODUCT_NAME = "$(TARGET_NAME)";
				SWIFT_EMIT_LOC_STRINGS = YES;
				SWIFT_VERSION = 5.0;
				TARGETED_DEVICE_FAMILY = "1,2";
			};
			name = Release;
		};
/* End XCBuildConfiguration section */

/* Begin XCConfigurationList section */
		497DDF022E8298F900FF1FFF /* Build configuration list for PBXProject "FlightDealsAggregator" */ = {
			isa = XCConfigurationList;
			buildConfigurations = (
				497DDF132E8298FC00FF1FFF /* Debug */,
				497DDF142E8298FC00FF1FFF /* Release */,
			);
			defaultConfigurationIsVisible = 0;
			defaultConfigurationName = Release;
		};
		497DDF152E8298FC00FF1FFF /* Build configuration list for PBXNativeTarget "FlightDealsAggregator" */ = {
			isa = XCConfigurationList;
			buildConfigurations = (
				497DDF162E8298FC00FF1FFF /* Debug */,
				497DDF172E8298FC00FF1FFF /* Release */,
			);
			defaultConfigurationIsVisible = 0;
			defaultConfigurationName = Release;
		};
/* End XCConfigurationList section */
	};
	rootObject = 497DDEFF2E8298F900FF1FFF /* Project object */;
}
